// !$*UTF8*$!
{
	archiveVersion = 1;
	classes = {
	};
	objectVersion = 51;
	objects = {

/* Begin PBXBuildFile section */
		02ED0A7223759C07002284CD /* (null) in Sources */ = {isa = PBXBuildFile; };
		02ED0A7423759C38002284CD /* (null) in Sources */ = {isa = PBXBuildFile; };
		02ED0A762375A9F0002284CD /* AddWishController.swift in Sources */ = {isa = PBXBuildFile; fileRef = 02ED0A752375A9EF002284CD /* AddWishController.swift */; };
		02ED0A782375AA03002284CD /* Wish.swift in Sources */ = {isa = PBXBuildFile; fileRef = 02ED0A772375AA03002284CD /* Wish.swift */; };
		02ED0A7A2375B827002284CD /* Location.swift in Sources */ = {isa = PBXBuildFile; fileRef = 02ED0A792375B827002284CD /* Location.swift */; };
		8915BC2923758FCF0035035C /* LoginViewController.swift in Sources */ = {isa = PBXBuildFile; fileRef = 8915BC2823758FCF0035035C /* LoginViewController.swift */; };
		8915BC2B237590190035035C /* HomeViewController.swift in Sources */ = {isa = PBXBuildFile; fileRef = 8915BC2A237590190035035C /* HomeViewController.swift */; };
		8915BC2D237590780035035C /* MyWishesViewController.swift in Sources */ = {isa = PBXBuildFile; fileRef = 8915BC2C237590780035035C /* MyWishesViewController.swift */; };
		89A7F75E2370AFF600041762 /* AppDelegate.swift in Sources */ = {isa = PBXBuildFile; fileRef = 89A7F75D2370AFF600041762 /* AppDelegate.swift */; };
		89A7F7632370AFF600041762 /* Main.storyboard in Resources */ = {isa = PBXBuildFile; fileRef = 89A7F7612370AFF600041762 /* Main.storyboard */; };
		89A7F7662370AFF600041762 /* iWish.xcdatamodeld in Sources */ = {isa = PBXBuildFile; fileRef = 89A7F7642370AFF600041762 /* iWish.xcdatamodeld */; };
		89A7F7682370AFF700041762 /* Assets.xcassets in Resources */ = {isa = PBXBuildFile; fileRef = 89A7F7672370AFF700041762 /* Assets.xcassets */; };
		89A7F76B2370AFF700041762 /* LaunchScreen.storyboard in Resources */ = {isa = PBXBuildFile; fileRef = 89A7F7692370AFF700041762 /* LaunchScreen.storyboard */; };
		89BFBBC723758E310098B5FA /* ProfileViewController.swift in Sources */ = {isa = PBXBuildFile; fileRef = 89BFBBC623758E310098B5FA /* ProfileViewController.swift */; };
		89C9125E2375A69300E02CEE /* GoogleService-Info.plist in Resources */ = {isa = PBXBuildFile; fileRef = 89C9125D2375A69200E02CEE /* GoogleService-Info.plist */; };
		EAE9703130169A9800962AD0 /* Pods_iWish.framework in Frameworks */ = {isa = PBXBuildFile; fileRef = E8DB4C6A47063576BEDE5E1D /* Pods_iWish.framework */; };
/* End PBXBuildFile section */

/* Begin PBXFileReference section */
		02ED0A752375A9EF002284CD /* AddWishController.swift */ = {isa = PBXFileReference; fileEncoding = 4; lastKnownFileType = sourcecode.swift; path = AddWishController.swift; sourceTree = "<group>"; };
		02ED0A772375AA03002284CD /* Wish.swift */ = {isa = PBXFileReference; fileEncoding = 4; lastKnownFileType = sourcecode.swift; path = Wish.swift; sourceTree = "<group>"; };
		02ED0A792375B827002284CD /* Location.swift */ = {isa = PBXFileReference; lastKnownFileType = sourcecode.swift; path = Location.swift; sourceTree = "<group>"; };
		067F58146BBEFC37350E682B /* Pods-iWish.release.xcconfig */ = {isa = PBXFileReference; includeInIndex = 1; lastKnownFileType = text.xcconfig; name = "Pods-iWish.release.xcconfig"; path = "Target Support Files/Pods-iWish/Pods-iWish.release.xcconfig"; sourceTree = "<group>"; };
		15EC88E6CCF552E861E5B7E3 /* Pods-iWish.debug.xcconfig */ = {isa = PBXFileReference; includeInIndex = 1; lastKnownFileType = text.xcconfig; name = "Pods-iWish.debug.xcconfig"; path = "Target Support Files/Pods-iWish/Pods-iWish.debug.xcconfig"; sourceTree = "<group>"; };
		8915BC2823758FCF0035035C /* LoginViewController.swift */ = {isa = PBXFileReference; lastKnownFileType = sourcecode.swift; path = LoginViewController.swift; sourceTree = "<group>"; };
		8915BC2A237590190035035C /* HomeViewController.swift */ = {isa = PBXFileReference; lastKnownFileType = sourcecode.swift; path = HomeViewController.swift; sourceTree = "<group>"; };
		8915BC2C237590780035035C /* MyWishesViewController.swift */ = {isa = PBXFileReference; lastKnownFileType = sourcecode.swift; path = MyWishesViewController.swift; sourceTree = "<group>"; };
		89A7F75A2370AFF600041762 /* iWish.app */ = {isa = PBXFileReference; explicitFileType = wrapper.application; includeInIndex = 0; path = iWish.app; sourceTree = BUILT_PRODUCTS_DIR; };
		89A7F75D2370AFF600041762 /* AppDelegate.swift */ = {isa = PBXFileReference; lastKnownFileType = sourcecode.swift; path = AppDelegate.swift; sourceTree = "<group>"; };
		89A7F7622370AFF600041762 /* Base */ = {isa = PBXFileReference; lastKnownFileType = file.storyboard; name = Base; path = Base.lproj/Main.storyboard; sourceTree = "<group>"; };
		89A7F7652370AFF600041762 /* iWish.xcdatamodel */ = {isa = PBXFileReference; lastKnownFileType = wrapper.xcdatamodel; path = iWish.xcdatamodel; sourceTree = "<group>"; };
		89A7F7672370AFF700041762 /* Assets.xcassets */ = {isa = PBXFileReference; lastKnownFileType = folder.assetcatalog; path = Assets.xcassets; sourceTree = "<group>"; };
		89A7F76A2370AFF700041762 /* Base */ = {isa = PBXFileReference; lastKnownFileType = file.storyboard; name = Base; path = Base.lproj/LaunchScreen.storyboard; sourceTree = "<group>"; };
		89A7F76C2370AFF800041762 /* Info.plist */ = {isa = PBXFileReference; lastKnownFileType = text.plist.xml; path = Info.plist; sourceTree = "<group>"; };
		89BFBBC623758E310098B5FA /* ProfileViewController.swift */ = {isa = PBXFileReference; lastKnownFileType = sourcecode.swift; path = ProfileViewController.swift; sourceTree = "<group>"; };
		89C9125D2375A69200E02CEE /* GoogleService-Info.plist */ = {isa = PBXFileReference; fileEncoding = 4; lastKnownFileType = text.plist.xml; path = "GoogleService-Info.plist"; sourceTree = SOURCE_ROOT; };
		E8DB4C6A47063576BEDE5E1D /* Pods_iWish.framework */ = {isa = PBXFileReference; explicitFileType = wrapper.framework; includeInIndex = 0; path = Pods_iWish.framework; sourceTree = BUILT_PRODUCTS_DIR; };
/* End PBXFileReference section */

/* Begin PBXFrameworksBuildPhase section */
		89A7F7572370AFF600041762 /* Frameworks */ = {
			isa = PBXFrameworksBuildPhase;
			buildActionMask = 2147483647;
			files = (
				EAE9703130169A9800962AD0 /* Pods_iWish.framework in Frameworks */,
			);
			runOnlyForDeploymentPostprocessing = 0;
		};
/* End PBXFrameworksBuildPhase section */

/* Begin PBXGroup section */
		3DF780EE68822761F5054819 /* Frameworks */ = {
			isa = PBXGroup;
			children = (
				E8DB4C6A47063576BEDE5E1D /* Pods_iWish.framework */,
			);
			name = Frameworks;
			sourceTree = "<group>";
		};
		51159A126913BD3F71903B79 /* Pods */ = {
			isa = PBXGroup;
			children = (
				15EC88E6CCF552E861E5B7E3 /* Pods-iWish.debug.xcconfig */,
				067F58146BBEFC37350E682B /* Pods-iWish.release.xcconfig */,
			);
			path = Pods;
			sourceTree = "<group>";
		};
		89213DB9237598A500C98415 /* Controllers */ = {
			isa = PBXGroup;
			children = (
				89BFBBC623758E310098B5FA /* ProfileViewController.swift */,
				8915BC2823758FCF0035035C /* LoginViewController.swift */,
				8915BC2A237590190035035C /* HomeViewController.swift */,
				8915BC2C237590780035035C /* MyWishesViewController.swift */,
				02ED0A752375A9EF002284CD /* AddWishController.swift */,
			);
			path = Controllers;
			sourceTree = "<group>";
		};
		89213DBA237598E700C98415 /* Views */ = {
			isa = PBXGroup;
			children = (
				89A7F7612370AFF600041762 /* Main.storyboard */,
			);
			path = Views;
			sourceTree = "<group>";
		};
		89213DBB237598EE00C98415 /* Models */ = {
			isa = PBXGroup;
			children = (
				02ED0A792375B827002284CD /* Location.swift */,
				02ED0A772375AA03002284CD /* Wish.swift */,
			);
			path = Models;
			sourceTree = "<group>";
		};
		89A7F7512370AFF600041762 = {
			isa = PBXGroup;
			children = (
				89A7F75C2370AFF600041762 /* iWish */,
				89A7F75B2370AFF600041762 /* Products */,
				51159A126913BD3F71903B79 /* Pods */,
				3DF780EE68822761F5054819 /* Frameworks */,
			);
			sourceTree = "<group>";
		};
		89A7F75B2370AFF600041762 /* Products */ = {
			isa = PBXGroup;
			children = (
				89A7F75A2370AFF600041762 /* iWish.app */,
			);
			name = Products;
			sourceTree = "<group>";
		};
		89A7F75C2370AFF600041762 /* iWish */ = {
			isa = PBXGroup;
			children = (
				89C9125D2375A69200E02CEE /* GoogleService-Info.plist */,
				89213DBB237598EE00C98415 /* Models */,
				89213DBA237598E700C98415 /* Views */,
				89213DB9237598A500C98415 /* Controllers */,
				89A7F75D2370AFF600041762 /* AppDelegate.swift */,
				89A7F7672370AFF700041762 /* Assets.xcassets */,
				89A7F7692370AFF700041762 /* LaunchScreen.storyboard */,
				89A7F76C2370AFF800041762 /* Info.plist */,
				89A7F7642370AFF600041762 /* iWish.xcdatamodeld */,
			);
			path = iWish;
			sourceTree = "<group>";
		};
/* End PBXGroup section */

/* Begin PBXNativeTarget section */
		89A7F7592370AFF600041762 /* iWish */ = {
			isa = PBXNativeTarget;
			buildConfigurationList = 89A7F76F2370AFF800041762 /* Build configuration list for PBXNativeTarget "iWish" */;
			buildPhases = (
				9C24210DDEDB3183E2D699B2 /* [CP] Check Pods Manifest.lock */,
				89A7F7562370AFF600041762 /* Sources */,
				89A7F7572370AFF600041762 /* Frameworks */,
				89A7F7582370AFF600041762 /* Resources */,
				CE754A093174A71CBE30A2B6 /* [CP] Embed Pods Frameworks */,
			);
			buildRules = (
			);
			dependencies = (
			);
			name = iWish;
			productName = iWish;
			productReference = 89A7F75A2370AFF600041762 /* iWish.app */;
			productType = "com.apple.product-type.application";
		};
/* End PBXNativeTarget section */

/* Begin PBXProject section */
		89A7F7522370AFF600041762 /* Project object */ = {
			isa = PBXProject;
			attributes = {
				LastSwiftUpdateCheck = 1030;
				LastUpgradeCheck = 1030;
				ORGANIZATIONNAME = SDU;
				TargetAttributes = {
					89A7F7592370AFF600041762 = {
						CreatedOnToolsVersion = 10.3;
					};
				};
			};
			buildConfigurationList = 89A7F7552370AFF600041762 /* Build configuration list for PBXProject "iWish" */;
			compatibilityVersion = "Xcode 9.3";
			developmentRegion = en;
			hasScannedForEncodings = 0;
			knownRegions = (
				en,
				Base,
			);
			mainGroup = 89A7F7512370AFF600041762;
			productRefGroup = 89A7F75B2370AFF600041762 /* Products */;
			projectDirPath = "";
			projectRoot = "";
			targets = (
				89A7F7592370AFF600041762 /* iWish */,
			);
		};
/* End PBXProject section */

/* Begin PBXResourcesBuildPhase section */
		89A7F7582370AFF600041762 /* Resources */ = {
			isa = PBXResourcesBuildPhase;
			buildActionMask = 2147483647;
			files = (
				89A7F76B2370AFF700041762 /* LaunchScreen.storyboard in Resources */,
				89C9125E2375A69300E02CEE /* GoogleService-Info.plist in Resources */,
				89A7F7682370AFF700041762 /* Assets.xcassets in Resources */,
				89A7F7632370AFF600041762 /* Main.storyboard in Resources */,
			);
			runOnlyForDeploymentPostprocessing = 0;
		};
/* End PBXResourcesBuildPhase section */

/* Begin PBXShellScriptBuildPhase section */
		9C24210DDEDB3183E2D699B2 /* [CP] Check Pods Manifest.lock */ = {
			isa = PBXShellScriptBuildPhase;
			buildActionMask = 2147483647;
			files = (
			);
			inputFileListPaths = (
			);
			inputPaths = (
				"${PODS_PODFILE_DIR_PATH}/Podfile.lock",
				"${PODS_ROOT}/Manifest.lock",
			);
			name = "[CP] Check Pods Manifest.lock";
			outputFileListPaths = (
			);
			outputPaths = (
				"$(DERIVED_FILE_DIR)/Pods-iWish-checkManifestLockResult.txt",
			);
			runOnlyForDeploymentPostprocessing = 0;
			shellPath = /bin/sh;
			shellScript = "diff \"${PODS_PODFILE_DIR_PATH}/Podfile.lock\" \"${PODS_ROOT}/Manifest.lock\" > /dev/null\nif [ $? != 0 ] ; then\n    # print error to STDERR\n    echo \"error: The sandbox is not in sync with the Podfile.lock. Run 'pod install' or update your CocoaPods installation.\" >&2\n    exit 1\nfi\n# This output is used by Xcode 'outputs' to avoid re-running this script phase.\necho \"SUCCESS\" > \"${SCRIPT_OUTPUT_FILE_0}\"\n";
			showEnvVarsInLog = 0;
		};
		CE754A093174A71CBE30A2B6 /* [CP] Embed Pods Frameworks */ = {
			isa = PBXShellScriptBuildPhase;
			buildActionMask = 2147483647;
			files = (
			);
			inputFileListPaths = (
				"${PODS_ROOT}/Target Support Files/Pods-iWish/Pods-iWish-frameworks-${CONFIGURATION}-input-files.xcfilelist",
			);
			name = "[CP] Embed Pods Frameworks";
			outputFileListPaths = (
				"${PODS_ROOT}/Target Support Files/Pods-iWish/Pods-iWish-frameworks-${CONFIGURATION}-output-files.xcfilelist",
			);
			runOnlyForDeploymentPostprocessing = 0;
			shellPath = /bin/sh;
			shellScript = "\"${PODS_ROOT}/Target Support Files/Pods-iWish/Pods-iWish-frameworks.sh\"\n";
			showEnvVarsInLog = 0;
		};
/* End PBXShellScriptBuildPhase section */

/* Begin PBXSourcesBuildPhase section */
		89A7F7562370AFF600041762 /* Sources */ = {
			isa = PBXSourcesBuildPhase;
			buildActionMask = 2147483647;
			files = (
				02ED0A782375AA03002284CD /* Wish.swift in Sources */,
				02ED0A7A2375B827002284CD /* Location.swift in Sources */,
				02ED0A7423759C38002284CD /* (null) in Sources */,
				8915BC2B237590190035035C /* HomeViewController.swift in Sources */,
				02ED0A7223759C07002284CD /* (null) in Sources */,
				8915BC2923758FCF0035035C /* LoginViewController.swift in Sources */,
				89A7F7662370AFF600041762 /* iWish.xcdatamodeld in Sources */,
				8915BC2D237590780035035C /* MyWishesViewController.swift in Sources */,
				02ED0A762375A9F0002284CD /* AddWishController.swift in Sources */,
				89BFBBC723758E310098B5FA /* ProfileViewController.swift in Sources */,
				89A7F75E2370AFF600041762 /* AppDelegate.swift in Sources */,
			);
			runOnlyForDeploymentPostprocessing = 0;
		};
/* End PBXSourcesBuildPhase section */

/* Begin PBXVariantGroup section */
		89A7F7612370AFF600041762 /* Main.storyboard */ = {
			isa = PBXVariantGroup;
			children = (
				89A7F7622370AFF600041762 /* Base */,
			);
			name = Main.storyboard;
			sourceTree = "<group>";
		};
		89A7F7692370AFF700041762 /* LaunchScreen.storyboard */ = {
			isa = PBXVariantGroup;
			children = (
				89A7F76A2370AFF700041762 /* Base */,
			);
			name = LaunchScreen.storyboard;
			sourceTree = "<group>";
		};
/* End PBXVariantGroup section */

/* Begin XCBuildConfiguration section */
		89A7F76D2370AFF800041762 /* Debug */ = {
			isa = XCBuildConfiguration;
			buildSettings = {
				ALWAYS_SEARCH_USER_PATHS = NO;
				CLANG_ANALYZER_NONNULL = YES;
				CLANG_ANALYZER_NUMBER_OBJECT_CONVERSION = YES_AGGRESSIVE;
				CLANG_CXX_LANGUAGE_STANDARD = "gnu++14";
				CLANG_CXX_LIBRARY = "libc++";
				CLANG_ENABLE_MODULES = YES;
				CLANG_ENABLE_OBJC_ARC = YES;
				CLANG_ENABLE_OBJC_WEAK = YES;
				CLANG_WARN_BLOCK_CAPTURE_AUTORELEASING = YES;
				CLANG_WARN_BOOL_CONVERSION = YES;
				CLANG_WARN_COMMA = YES;
				CLANG_WARN_CONSTANT_CONVERSION = YES;
				CLANG_WARN_DEPRECATED_OBJC_IMPLEMENTATIONS = YES;
				CLANG_WARN_DIRECT_OBJC_ISA_USAGE = YES_ERROR;
				CLANG_WARN_DOCUMENTATION_COMMENTS = YES;
				CLANG_WARN_EMPTY_BODY = YES;
				CLANG_WARN_ENUM_CONVERSION = YES;
				CLANG_WARN_INFINITE_RECURSION = YES;
				CLANG_WARN_INT_CONVERSION = YES;
				CLANG_WARN_NON_LITERAL_NULL_CONVERSION = YES;
				CLANG_WARN_OBJC_IMPLICIT_RETAIN_SELF = YES;
				CLANG_WARN_OBJC_LITERAL_CONVERSION = YES;
				CLANG_WARN_OBJC_ROOT_CLASS = YES_ERROR;
				CLANG_WARN_RANGE_LOOP_ANALYSIS = YES;
				CLANG_WARN_STRICT_PROTOTYPES = YES;
				CLANG_WARN_SUSPICIOUS_MOVE = YES;
				CLANG_WARN_UNGUARDED_AVAILABILITY = YES_AGGRESSIVE;
				CLANG_WARN_UNREACHABLE_CODE = YES;
				CLANG_WARN__DUPLICATE_METHOD_MATCH = YES;
				CODE_SIGN_IDENTITY = "iPhone Developer";
				COPY_PHASE_STRIP = NO;
				DEBUG_INFORMATION_FORMAT = dwarf;
				ENABLE_STRICT_OBJC_MSGSEND = YES;
				ENABLE_TESTABILITY = YES;
				GCC_C_LANGUAGE_STANDARD = gnu11;
				GCC_DYNAMIC_NO_PIC = NO;
				GCC_NO_COMMON_BLOCKS = YES;
				GCC_OPTIMIZATION_LEVEL = 0;
				GCC_PREPROCESSOR_DEFINITIONS = (
					"DEBUG=1",
					"$(inherited)",
				);
				GCC_WARN_64_TO_32_BIT_CONVERSION = YES;
				GCC_WARN_ABOUT_RETURN_TYPE = YES_ERROR;
				GCC_WARN_UNDECLARED_SELECTOR = YES;
				GCC_WARN_UNINITIALIZED_AUTOS = YES_AGGRESSIVE;
				GCC_WARN_UNUSED_FUNCTION = YES;
				GCC_WARN_UNUSED_VARIABLE = YES;
				IPHONEOS_DEPLOYMENT_TARGET = 12.4;
				MTL_ENABLE_DEBUG_INFO = INCLUDE_SOURCE;
				MTL_FAST_MATH = YES;
				ONLY_ACTIVE_ARCH = YES;
				SDKROOT = iphoneos;
				SWIFT_ACTIVE_COMPILATION_CONDITIONS = DEBUG;
				SWIFT_OPTIMIZATION_LEVEL = "-Onone";
			};
			name = Debug;
		};
		89A7F76E2370AFF800041762 /* Release */ = {
			isa = XCBuildConfiguration;
			buildSettings = {
				ALWAYS_SEARCH_USER_PATHS = NO;
				CLANG_ANALYZER_NONNULL = YES;
				CLANG_ANALYZER_NUMBER_OBJECT_CONVERSION = YES_AGGRESSIVE;
				CLANG_CXX_LANGUAGE_STANDARD = "gnu++14";
				CLANG_CXX_LIBRARY = "libc++";
				CLANG_ENABLE_MODULES = YES;
				CLANG_ENABLE_OBJC_ARC = YES;
				CLANG_ENABLE_OBJC_WEAK = YES;
				CLANG_WARN_BLOCK_CAPTURE_AUTORELEASING = YES;
				CLANG_WARN_BOOL_CONVERSION = YES;
				CLANG_WARN_COMMA = YES;
				CLANG_WARN_CONSTANT_CONVERSION = YES;
				CLANG_WARN_DEPRECATED_OBJC_IMPLEMENTATIONS = YES;
				CLANG_WARN_DIRECT_OBJC_ISA_USAGE = YES_ERROR;
				CLANG_WARN_DOCUMENTATION_COMMENTS = YES;
				CLANG_WARN_EMPTY_BODY = YES;
				CLANG_WARN_ENUM_CONVERSION = YES;
				CLANG_WARN_INFINITE_RECURSION = YES;
				CLANG_WARN_INT_CONVERSION = YES;
				CLANG_WARN_NON_LITERAL_NULL_CONVERSION = YES;
				CLANG_WARN_OBJC_IMPLICIT_RETAIN_SELF = YES;
				CLANG_WARN_OBJC_LITERAL_CONVERSION = YES;
				CLANG_WARN_OBJC_ROOT_CLASS = YES_ERROR;
				CLANG_WARN_RANGE_LOOP_ANALYSIS = YES;
				CLANG_WARN_STRICT_PROTOTYPES = YES;
				CLANG_WARN_SUSPICIOUS_MOVE = YES;
				CLANG_WARN_UNGUARDED_AVAILABILITY = YES_AGGRESSIVE;
				CLANG_WARN_UNREACHABLE_CODE = YES;
				CLANG_WARN__DUPLICATE_METHOD_MATCH = YES;
				CODE_SIGN_IDENTITY = "iPhone Developer";
				COPY_PHASE_STRIP = NO;
				DEBUG_INFORMATION_FORMAT = "dwarf-with-dsym";
				ENABLE_NS_ASSERTIONS = NO;
				ENABLE_STRICT_OBJC_MSGSEND = YES;
				GCC_C_LANGUAGE_STANDARD = gnu11;
				GCC_NO_COMMON_BLOCKS = YES;
				GCC_WARN_64_TO_32_BIT_CONVERSION = YES;
				GCC_WARN_ABOUT_RETURN_TYPE = YES_ERROR;
				GCC_WARN_UNDECLARED_SELECTOR = YES;
				GCC_WARN_UNINITIALIZED_AUTOS = YES_AGGRESSIVE;
				GCC_WARN_UNUSED_FUNCTION = YES;
				GCC_WARN_UNUSED_VARIABLE = YES;
				IPHONEOS_DEPLOYMENT_TARGET = 12.4;
				MTL_ENABLE_DEBUG_INFO = NO;
				MTL_FAST_MATH = YES;
				SDKROOT = iphoneos;
				SWIFT_COMPILATION_MODE = wholemodule;
				SWIFT_OPTIMIZATION_LEVEL = "-O";
				VALIDATE_PRODUCT = YES;
			};
			name = Release;
		};
		89A7F7702370AFF800041762 /* Debug */ = {
			isa = XCBuildConfiguration;
			baseConfigurationReference = 15EC88E6CCF552E861E5B7E3 /* Pods-iWish.debug.xcconfig */;
			buildSettings = {
				ASSETCATALOG_COMPILER_APPICON_NAME = AppIcon;
				CODE_SIGN_IDENTITY = "iPhone Developer";
				CODE_SIGN_STYLE = Automatic;
				DEVELOPMENT_TEAM = QCK8R4DKH5;
				INFOPLIST_FILE = iWish/Info.plist;
				LD_RUNPATH_SEARCH_PATHS = (
					"$(inherited)",
					"@executable_path/Frameworks",
				);
				PRODUCT_BUNDLE_IDENTIFIER = sdu.student.iWish;
				PRODUCT_NAME = "$(TARGET_NAME)";
				PROVISIONING_PROFILE_SPECIFIER = "";
				SWIFT_VERSION = 5.0;
				TARGETED_DEVICE_FAMILY = "1,2";
			};
			name = Debug;
		};
		89A7F7712370AFF800041762 /* Release */ = {
			isa = XCBuildConfiguration;
			baseConfigurationReference = 067F58146BBEFC37350E682B /* Pods-iWish.release.xcconfig */;
			buildSettings = {
				ASSETCATALOG_COMPILER_APPICON_NAME = AppIcon;
				CODE_SIGN_IDENTITY = "iPhone Developer";
				CODE_SIGN_STYLE = Automatic;
				DEVELOPMENT_TEAM = QCK8R4DKH5;
				INFOPLIST_FILE = iWish/Info.plist;
				LD_RUNPATH_SEARCH_PATHS = (
					"$(inherited)",
					"@executable_path/Frameworks",
				);
				PRODUCT_BUNDLE_IDENTIFIER = sdu.student.iWish;
				PRODUCT_NAME = "$(TARGET_NAME)";
				PROVISIONING_PROFILE_SPECIFIER = "";
				SWIFT_VERSION = 5.0;
				TARGETED_DEVICE_FAMILY = "1,2";
			};
			name = Release;
		};
/* End XCBuildConfiguration section */

/* Begin XCConfigurationList section */
		89A7F7552370AFF600041762 /* Build configuration list for PBXProject "iWish" */ = {
			isa = XCConfigurationList;
			buildConfigurations = (
				89A7F76D2370AFF800041762 /* Debug */,
				89A7F76E2370AFF800041762 /* Release */,
			);
			defaultConfigurationIsVisible = 0;
			defaultConfigurationName = Release;
		};
		89A7F76F2370AFF800041762 /* Build configuration list for PBXNativeTarget "iWish" */ = {
			isa = XCConfigurationList;
			buildConfigurations = (
				89A7F7702370AFF800041762 /* Debug */,
				89A7F7712370AFF800041762 /* Release */,
			);
			defaultConfigurationIsVisible = 0;
			defaultConfigurationName = Release;
		};
/* End XCConfigurationList section */

/* Begin XCVersionGroup section */
		89A7F7642370AFF600041762 /* iWish.xcdatamodeld */ = {
			isa = XCVersionGroup;
			children = (
				89A7F7652370AFF600041762 /* iWish.xcdatamodel */,
			);
			currentVersion = 89A7F7652370AFF600041762 /* iWish.xcdatamodel */;
			path = iWish.xcdatamodeld;
			sourceTree = "<group>";
			versionGroupType = wrapper.xcdatamodel;
		};
/* End XCVersionGroup section */
	};
	rootObject = 89A7F7522370AFF600041762 /* Project object */;
}
